
Microsoft Visual Studio Solution File, Format Version 12.00
# Visual Studio Version 16
VisualStudioVersion = 16.0.32228.547
MinimumVisualStudioVersion = 10.0.40219.1
Project("{FAE04EC0-301F-11D3-BF4B-00C04F79EFBC}") = "Type 3- out parameter", "Type 3- out parameter\Type 3- out parameter.csproj", "{FC4D1577-F936-49AC-931E-B6A9C7A09B08}"
EndProject
Global
	GlobalSection(SolutionConfigurationPlatforms) = preSolution
		Debug|Any CPU = Debug|Any CPU
		Release|Any CPU = Release|Any CPU
	EndGlobalSection
	GlobalSection(ProjectConfigurationPlatforms) = postSolution
		{FC4D1577-F936-49AC-931E-B6A9C7A09B08}.Debug|Any CPU.ActiveCfg = Debug|Any CPU
		{FC4D1577-F936-49AC-931E-B6A9C7A09B08}.Debug|Any CPU.Build.0 = Debug|Any CPU
		{FC4D1577-F936-49AC-931E-B6A9C7A09B08}.Release|Any CPU.ActiveCfg = Release|Any CPU
		{FC4D1577-F936-49AC-931E-B6A9C7A09B08}.Release|Any CPU.Build.0 = Release|Any CPU
	EndGlobalSection
	GlobalSection(SolutionProperties) = preSolution
		HideSolutionNode = FALSE
	EndGlobalSection
	GlobalSection(ExtensibilityGlobals) = postSolution
		SolutionGuid = {5F1EB03B-0811-4D8F-A293-C9A7493AEBFB}
	EndGlobalSection
EndGlobal
